
Microsoft Visual Studio Solution File, Format Version 12.00
# Visual Studio Version 17
VisualStudioVersion = 17.5.002.0
MinimumVisualStudioVersion = 10.0.40219.1
Project("{2150E333-8FDC-42A3-9474-1A3956D46DE8}") = "csharp-prep", "csharp-prep", "{AC2FF8FB-9877-45CD-986C-BC40CDAABF78}"
EndProject
Project("{9A19103F-16F7-4668-BE54-9A1E7A4F7556}") = "Prep1", "csharp-prep\Prep1\Prep1.csproj", "{D0D22AA5-4DFC-4299-8C14-72DE0F559941}"
EndProject
Project("{9A19103F-16F7-4668-BE54-9A1E7A4F7556}") = "Prep2", "csharp-prep\Prep2\Prep2.csproj", "{F005245B-4C5F-4354-A7AA-CED7DFCA262E}"
EndProject
Project("{9A19103F-16F7-4668-BE54-9A1E7A4F7556}") = "Prep3", "csharp-prep\Prep3\Prep3.csproj", "{25B92A3F-2014-4D26-BEA9-5B763302EDF0}"
EndProject
Project("{9A19103F-16F7-4668-BE54-9A1E7A4F7556}") = "Prep4", "csharp-prep\Prep4\Prep4.csproj", "{4D787B5E-C1B5-4BD7-9FE6-F532276217CB}"
EndProject
Project("{9A19103F-16F7-4668-BE54-9A1E7A4F7556}") = "Prep5", "csharp-prep\Prep5\Prep5.csproj", "{7FF7D947-B883-4938-932F-F9112868FCAC}"
EndProject
Project("{2150E333-8FDC-42A3-9474-1A3956D46DE8}") = "final", "final", "{D835B94F-42CA-41BA-93F8-864AABB6EE74}"
EndProject
Project("{9A19103F-16F7-4668-BE54-9A1E7A4F7556}") = "FinalProject", "final\FinalProject\FinalProject.csproj", "{E7516D8F-AC64-44EF-9364-5C3874B5CF4C}"
EndProject
Project("{9A19103F-16F7-4668-BE54-9A1E7A4F7556}") = "Foundation1", "final\Foundation1\Foundation1.csproj", "{A6E50498-A888-44B4-89E3-88ACC392F3DC}"
EndProject
Project("{9A19103F-16F7-4668-BE54-9A1E7A4F7556}") = "Foundation2", "final\Foundation2\Foundation2.csproj", "{D466CD68-A72A-442F-9975-567D71EDBF55}"
EndProject
Project("{9A19103F-16F7-4668-BE54-9A1E7A4F7556}") = "Foundation3", "final\Foundation3\Foundation3.csproj", "{CC57765C-0D79-426D-871C-256A5D454F70}"
EndProject
Project("{9A19103F-16F7-4668-BE54-9A1E7A4F7556}") = "Foundation4", "final\Foundation4\Foundation4.csproj", "{7F21E133-6F81-48F9-B92D-A1C629E60843}"
EndProject
Project("{2150E333-8FDC-42A3-9474-1A3956D46DE8}") = "prepare", "prepare", "{0F41E354-1E54-4C0A-9375-A85A369C24ED}"
EndProject
Project("{9A19103F-16F7-4668-BE54-9A1E7A4F7556}") = "Learning02", "prepare\Learning02\Learning02.csproj", "{1CD7E13D-C99C-4CBD-B61B-D957FD5A9D52}"
EndProject
Project("{9A19103F-16F7-4668-BE54-9A1E7A4F7556}") = "Learning03", "prepare\Learning03\Learning03.csproj", "{BBD67ACC-628A-4E0A-AD44-3DE16FF60FC3}"
EndProject
Project("{9A19103F-16F7-4668-BE54-9A1E7A4F7556}") = "Learning04", "prepare\Learning04\Learning04.csproj", "{C8BD0206-AC3D-43B5-914F-7EDE5C4D8C81}"
EndProject
Project("{9A19103F-16F7-4668-BE54-9A1E7A4F7556}") = "Learning05", "prepare\Learning05\Learning05.csproj", "{729288F8-1C8F-42D9-82C4-8992148D0433}"
EndProject
Project("{2150E333-8FDC-42A3-9474-1A3956D46DE8}") = "prove", "prove", "{F7EEEB4A-6DB6-493E-8E8F-638958E09E57}"
EndProject
Project("{9A19103F-16F7-4668-BE54-9A1E7A4F7556}") = "Develop02", "prove\Develop02\Develop02.csproj", "{36099D32-4BDA-40EC-9FDA-A4FB09083EE4}"
EndProject
Project("{9A19103F-16F7-4668-BE54-9A1E7A4F7556}") = "Develop03", "prove\Develop03\Develop03.csproj", "{0E6E36A7-8AE8-43DF-9875-78E1932999C4}"
EndProject
Project("{9A19103F-16F7-4668-BE54-9A1E7A4F7556}") = "Develop04", "prove\Develop04\Develop04.csproj", "{2ACEBBD3-DCFA-48E2-A3ED-D2797B433ADA}"
EndProject
Project("{9A19103F-16F7-4668-BE54-9A1E7A4F7556}") = "Develop05", "prove\Develop05\Develop05.csproj", "{4243D075-7976-4E4C-A541-DB9542BF505E}"
EndProject
Project("{2150E333-8FDC-42A3-9474-1A3956D46DE8}") = "sandbox", "sandbox", "{D724557D-7E35-49CB-939E-883B4EFF7596}"
EndProject
Project("{9A19103F-16F7-4668-BE54-9A1E7A4F7556}") = "Sandbox", "sandbox\Sandbox\Sandbox.csproj", "{8071D5B3-CF38-48DD-9A5D-BD1171EA593E}"
EndProject
Global
	GlobalSection(SolutionConfigurationPlatforms) = preSolution
		Debug|Any CPU = Debug|Any CPU
		Release|Any CPU = Release|Any CPU
	EndGlobalSection
	GlobalSection(ProjectConfigurationPlatforms) = postSolution
		{D0D22AA5-4DFC-4299-8C14-72DE0F559941}.Debug|Any CPU.ActiveCfg = Debug|Any CPU
		{D0D22AA5-4DFC-4299-8C14-72DE0F559941}.Debug|Any CPU.Build.0 = Debug|Any CPU
		{D0D22AA5-4DFC-4299-8C14-72DE0F559941}.Release|Any CPU.ActiveCfg = Release|Any CPU
		{D0D22AA5-4DFC-4299-8C14-72DE0F559941}.Release|Any CPU.Build.0 = Release|Any CPU
		{F005245B-4C5F-4354-A7AA-CED7DFCA262E}.Debug|Any CPU.ActiveCfg = Debug|Any CPU
		{F005245B-4C5F-4354-A7AA-CED7DFCA262E}.Debug|Any CPU.Build.0 = Debug|Any CPU
		{F005245B-4C5F-4354-A7AA-CED7DFCA262E}.Release|Any CPU.ActiveCfg = Release|Any CPU
		{F005245B-4C5F-4354-A7AA-CED7DFCA262E}.Release|Any CPU.Build.0 = Release|Any CPU
		{25B92A3F-2014-4D26-BEA9-5B763302EDF0}.Debug|Any CPU.ActiveCfg = Debug|Any CPU
		{25B92A3F-2014-4D26-BEA9-5B763302EDF0}.Debug|Any CPU.Build.0 = Debug|Any CPU
		{25B92A3F-2014-4D26-BEA9-5B763302EDF0}.Release|Any CPU.ActiveCfg = Release|Any CPU
		{25B92A3F-2014-4D26-BEA9-5B763302EDF0}.Release|Any CPU.Build.0 = Release|Any CPU
		{4D787B5E-C1B5-4BD7-9FE6-F532276217CB}.Debug|Any CPU.ActiveCfg = Debug|Any CPU
		{4D787B5E-C1B5-4BD7-9FE6-F532276217CB}.Debug|Any CPU.Build.0 = Debug|Any CPU
		{4D787B5E-C1B5-4BD7-9FE6-F532276217CB}.Release|Any CPU.ActiveCfg = Release|Any CPU
		{4D787B5E-C1B5-4BD7-9FE6-F532276217CB}.Release|Any CPU.Build.0 = Release|Any CPU
		{7FF7D947-B883-4938-932F-F9112868FCAC}.Debug|Any CPU.ActiveCfg = Debug|Any CPU
		{7FF7D947-B883-4938-932F-F9112868FCAC}.Debug|Any CPU.Build.0 = Debug|Any CPU
		{7FF7D947-B883-4938-932F-F9112868FCAC}.Release|Any CPU.ActiveCfg = Release|Any CPU
		{7FF7D947-B883-4938-932F-F9112868FCAC}.Release|Any CPU.Build.0 = Release|Any CPU
		{E7516D8F-AC64-44EF-9364-5C3874B5CF4C}.Debug|Any CPU.ActiveCfg = Debug|Any CPU
		{E7516D8F-AC64-44EF-9364-5C3874B5CF4C}.Debug|Any CPU.Build.0 = Debug|Any CPU
		{E7516D8F-AC64-44EF-9364-5C3874B5CF4C}.Release|Any CPU.ActiveCfg = Release|Any CPU
		{E7516D8F-AC64-44EF-9364-5C3874B5CF4C}.Release|Any CPU.Build.0 = Release|Any CPU
		{A6E50498-A888-44B4-89E3-88ACC392F3DC}.Debug|Any CPU.ActiveCfg = Debug|Any CPU
		{A6E50498-A888-44B4-89E3-88ACC392F3DC}.Debug|Any CPU.Build.0 = Debug|Any CPU
		{A6E50498-A888-44B4-89E3-88ACC392F3DC}.Release|Any CPU.ActiveCfg = Release|Any CPU
		{A6E50498-A888-44B4-89E3-88ACC392F3DC}.Release|Any CPU.Build.0 = Release|Any CPU
		{D466CD68-A72A-442F-9975-567D71EDBF55}.Debug|Any CPU.ActiveCfg = Debug|Any CPU
		{D466CD68-A72A-442F-9975-567D71EDBF55}.Debug|Any CPU.Build.0 = Debug|Any CPU
		{D466CD68-A72A-442F-9975-567D71EDBF55}.Release|Any CPU.ActiveCfg = Release|Any CPU
		{D466CD68-A72A-442F-9975-567D71EDBF55}.Release|Any CPU.Build.0 = Release|Any CPU
		{CC57765C-0D79-426D-871C-256A5D454F70}.Debug|Any CPU.ActiveCfg = Debug|Any CPU
		{CC57765C-0D79-426D-871C-256A5D454F70}.Debug|Any CPU.Build.0 = Debug|Any CPU
		{CC57765C-0D79-426D-871C-256A5D454F70}.Release|Any CPU.ActiveCfg = Release|Any CPU
		{CC57765C-0D79-426D-871C-256A5D454F70}.Release|Any CPU.Build.0 = Release|Any CPU
		{7F21E133-6F81-48F9-B92D-A1C629E60843}.Debug|Any CPU.ActiveCfg = Debug|Any CPU
		{7F21E133-6F81-48F9-B92D-A1C629E60843}.Debug|Any CPU.Build.0 = Debug|Any CPU
		{7F21E133-6F81-48F9-B92D-A1C629E60843}.Release|Any CPU.ActiveCfg = Release|Any CPU
		{7F21E133-6F81-48F9-B92D-A1C629E60843}.Release|Any CPU.Build.0 = Release|Any CPU
		{1CD7E13D-C99C-4CBD-B61B-D957FD5A9D52}.Debug|Any CPU.ActiveCfg = Debug|Any CPU
		{1CD7E13D-C99C-4CBD-B61B-D957FD5A9D52}.Debug|Any CPU.Build.0 = Debug|Any CPU
		{1CD7E13D-C99C-4CBD-B61B-D957FD5A9D52}.Release|Any CPU.ActiveCfg = Release|Any CPU
		{1CD7E13D-C99C-4CBD-B61B-D957FD5A9D52}.Release|Any CPU.Build.0 = Release|Any CPU
		{BBD67ACC-628A-4E0A-AD44-3DE16FF60FC3}.Debug|Any CPU.ActiveCfg = Debug|Any CPU
		{BBD67ACC-628A-4E0A-AD44-3DE16FF60FC3}.Debug|Any CPU.Build.0 = Debug|Any CPU
		{BBD67ACC-628A-4E0A-AD44-3DE16FF60FC3}.Release|Any CPU.ActiveCfg = Release|Any CPU
		{BBD67ACC-628A-4E0A-AD44-3DE16FF60FC3}.Release|Any CPU.Build.0 = Release|Any CPU
		{C8BD0206-AC3D-43B5-914F-7EDE5C4D8C81}.Debug|Any CPU.ActiveCfg = Debug|Any CPU
		{C8BD0206-AC3D-43B5-914F-7EDE5C4D8C81}.Debug|Any CPU.Build.0 = Debug|Any CPU
		{C8BD0206-AC3D-43B5-914F-7EDE5C4D8C81}.Release|Any CPU.ActiveCfg = Release|Any CPU
		{C8BD0206-AC3D-43B5-914F-7EDE5C4D8C81}.Release|Any CPU.Build.0 = Release|Any CPU
		{729288F8-1C8F-42D9-82C4-8992148D0433}.Debug|Any CPU.ActiveCfg = Debug|Any CPU
		{729288F8-1C8F-42D9-82C4-8992148D0433}.Debug|Any CPU.Build.0 = Debug|Any CPU
		{729288F8-1C8F-42D9-82C4-8992148D0433}.Release|Any CPU.ActiveCfg = Release|Any CPU
		{729288F8-1C8F-42D9-82C4-8992148D0433}.Release|Any CPU.Build.0 = Release|Any CPU
		{36099D32-4BDA-40EC-9FDA-A4FB09083EE4}.Debug|Any CPU.ActiveCfg = Debug|Any CPU
		{36099D32-4BDA-40EC-9FDA-A4FB09083EE4}.Debug|Any CPU.Build.0 = Debug|Any CPU
		{36099D32-4BDA-40EC-9FDA-A4FB09083EE4}.Release|Any CPU.ActiveCfg = Release|Any CPU
		{36099D32-4BDA-40EC-9FDA-A4FB09083EE4}.Release|Any CPU.Build.0 = Release|Any CPU
		{0E6E36A7-8AE8-43DF-9875-78E1932999C4}.Debug|Any CPU.ActiveCfg = Debug|Any CPU
		{0E6E36A7-8AE8-43DF-9875-78E1932999C4}.Debug|Any CPU.Build.0 = Debug|Any CPU
		{0E6E36A7-8AE8-43DF-9875-78E1932999C4}.Release|Any CPU.ActiveCfg = Release|Any CPU
		{0E6E36A7-8AE8-43DF-9875-78E1932999C4}.Release|Any CPU.Build.0 = Release|Any CPU
		{2ACEBBD3-DCFA-48E2-A3ED-D2797B433ADA}.Debug|Any CPU.ActiveCfg = Debug|Any CPU
		{2ACEBBD3-DCFA-48E2-A3ED-D2797B433ADA}.Debug|Any CPU.Build.0 = Debug|Any CPU
		{2ACEBBD3-DCFA-48E2-A3ED-D2797B433ADA}.Release|Any CPU.ActiveCfg = Release|Any CPU
		{2ACEBBD3-DCFA-48E2-A3ED-D2797B433ADA}.Release|Any CPU.Build.0 = Release|Any CPU
		{4243D075-7976-4E4C-A541-DB9542BF505E}.Debug|Any CPU.ActiveCfg = Debug|Any CPU
		{4243D075-7976-4E4C-A541-DB9542BF505E}.Debug|Any CPU.Build.0 = Debug|Any CPU
		{4243D075-7976-4E4C-A541-DB9542BF505E}.Release|Any CPU.ActiveCfg = Release|Any CPU
		{4243D075-7976-4E4C-A541-DB9542BF505E}.Release|Any CPU.Build.0 = Release|Any CPU
		{8071D5B3-CF38-48DD-9A5D-BD1171EA593E}.Debug|Any CPU.ActiveCfg = Debug|Any CPU
		{8071D5B3-CF38-48DD-9A5D-BD1171EA593E}.Debug|Any CPU.Build.0 = Debug|Any CPU
		{8071D5B3-CF38-48DD-9A5D-BD1171EA593E}.Release|Any CPU.ActiveCfg = Release|Any CPU
		{8071D5B3-CF38-48DD-9A5D-BD1171EA593E}.Release|Any CPU.Build.0 = Release|Any CPU
	EndGlobalSection
	GlobalSection(SolutionProperties) = preSolution
		HideSolutionNode = FALSE
	EndGlobalSection
	GlobalSection(NestedProjects) = preSolution
		{D0D22AA5-4DFC-4299-8C14-72DE0F559941} = {AC2FF8FB-9877-45CD-986C-BC40CDAABF78}
		{F005245B-4C5F-4354-A7AA-CED7DFCA262E} = {AC2FF8FB-9877-45CD-986C-BC40CDAABF78}
		{25B92A3F-2014-4D26-BEA9-5B763302EDF0} = {AC2FF8FB-9877-45CD-986C-BC40CDAABF78}
		{4D787B5E-C1B5-4BD7-9FE6-F532276217CB} = {AC2FF8FB-9877-45CD-986C-BC40CDAABF78}
		{7FF7D947-B883-4938-932F-F9112868FCAC} = {AC2FF8FB-9877-45CD-986C-BC40CDAABF78}
		{E7516D8F-AC64-44EF-9364-5C3874B5CF4C} = {D835B94F-42CA-41BA-93F8-864AABB6EE74}
		{A6E50498-A888-44B4-89E3-88ACC392F3DC} = {D835B94F-42CA-41BA-93F8-864AABB6EE74}
		{D466CD68-A72A-442F-9975-567D71EDBF55} = {D835B94F-42CA-41BA-93F8-864AABB6EE74}
		{CC57765C-0D79-426D-871C-256A5D454F70} = {D835B94F-42CA-41BA-93F8-864AABB6EE74}
		{7F21E133-6F81-48F9-B92D-A1C629E60843} = {D835B94F-42CA-41BA-93F8-864AABB6EE74}
		{1CD7E13D-C99C-4CBD-B61B-D957FD5A9D52} = {0F41E354-1E54-4C0A-9375-A85A369C24ED}
		{BBD67ACC-628A-4E0A-AD44-3DE16FF60FC3} = {0F41E354-1E54-4C0A-9375-A85A369C24ED}
		{C8BD0206-AC3D-43B5-914F-7EDE5C4D8C81} = {0F41E354-1E54-4C0A-9375-A85A369C24ED}
		{729288F8-1C8F-42D9-82C4-8992148D0433} = {0F41E354-1E54-4C0A-9375-A85A369C24ED}
		{36099D32-4BDA-40EC-9FDA-A4FB09083EE4} = {F7EEEB4A-6DB6-493E-8E8F-638958E09E57}
		{0E6E36A7-8AE8-43DF-9875-78E1932999C4} = {F7EEEB4A-6DB6-493E-8E8F-638958E09E57}
		{2ACEBBD3-DCFA-48E2-A3ED-D2797B433ADA} = {F7EEEB4A-6DB6-493E-8E8F-638958E09E57}
		{4243D075-7976-4E4C-A541-DB9542BF505E} = {F7EEEB4A-6DB6-493E-8E8F-638958E09E57}
		{8071D5B3-CF38-48DD-9A5D-BD1171EA593E} = {D724557D-7E35-49CB-939E-883B4EFF7596}
	EndGlobalSection
	GlobalSection(ExtensibilityGlobals) = postSolution
		SolutionGuid = {7C15D0FB-2285-4791-AAE9-3D608866FC2F}
	EndGlobalSection
EndGlobal
